
Microsoft Visual Studio Solution File, Format Version 12.00
# Visual Studio Version 17
VisualStudioVersion = 17.5.002.0
MinimumVisualStudioVersion = 10.0.40219.1
Project("{9A19103F-16F7-4668-BE54-9A1E7A4F7556}") = "api", "api.csproj", "{CDA3768E-EEC7-4B2C-833E-47F0F6C026D6}"
EndProject
Global
	GlobalSection(SolutionConfigurationPlatforms) = preSolution
		Debug|Any CPU = Debug|Any CPU
		Release|Any CPU = Release|Any CPU
	EndGlobalSection
	GlobalSection(ProjectConfigurationPlatforms) = postSolution
		{CDA3768E-EEC7-4B2C-833E-47F0F6C026D6}.Debug|Any CPU.ActiveCfg = Debug|Any CPU
		{CDA3768E-EEC7-4B2C-833E-47F0F6C026D6}.Debug|Any CPU.Build.0 = Debug|Any CPU
		{CDA3768E-EEC7-4B2C-833E-47F0F6C026D6}.Release|Any CPU.ActiveCfg = Release|Any CPU
		{CDA3768E-EEC7-4B2C-833E-47F0F6C026D6}.Release|Any CPU.Build.0 = Release|Any CPU
	EndGlobalSection
	GlobalSection(SolutionProperties) = preSolution
		HideSolutionNode = FALSE
	EndGlobalSection
	GlobalSection(ExtensibilityGlobals) = postSolution
		SolutionGuid = {E2010E26-26D0-470C-9284-2F46E681066B}
	EndGlobalSection
EndGlobal
